
Microsoft Visual Studio Solution File, Format Version 12.00
# Visual Studio Version 16
VisualStudioVersion = 16.0.30011.22
MinimumVisualStudioVersion = 10.0.40219.1
Project("{9A19103F-16F7-4668-BE54-9A1E7A4F7556}") = "ProjectOne", "ProjectOne\ProjectOne.csproj", "{EB96477C-9F19-47C3-AA3B-6306657485E7}"
EndProject
Project("{FAE04EC0-301F-11D3-BF4B-00C04F79EFBC}") = "XUnitTestProject1", "XUnitTestProject1\XUnitTestProject1.csproj", "{DBF19D5F-0FEE-46AA-A0D6-D36BEA5379F7}"
EndProject
Global
	GlobalSection(SolutionConfigurationPlatforms) = preSolution
		Debug|Any CPU = Debug|Any CPU
		Release|Any CPU = Release|Any CPU
	EndGlobalSection
	GlobalSection(ProjectConfigurationPlatforms) = postSolution
		{EB96477C-9F19-47C3-AA3B-6306657485E7}.Debug|Any CPU.ActiveCfg = Debug|Any CPU
		{EB96477C-9F19-47C3-AA3B-6306657485E7}.Debug|Any CPU.Build.0 = Debug|Any CPU
		{EB96477C-9F19-47C3-AA3B-6306657485E7}.Release|Any CPU.ActiveCfg = Release|Any CPU
		{EB96477C-9F19-47C3-AA3B-6306657485E7}.Release|Any CPU.Build.0 = Release|Any CPU
		{DBF19D5F-0FEE-46AA-A0D6-D36BEA5379F7}.Debug|Any CPU.ActiveCfg = Debug|Any CPU
		{DBF19D5F-0FEE-46AA-A0D6-D36BEA5379F7}.Debug|Any CPU.Build.0 = Debug|Any CPU
		{DBF19D5F-0FEE-46AA-A0D6-D36BEA5379F7}.Release|Any CPU.ActiveCfg = Release|Any CPU
		{DBF19D5F-0FEE-46AA-A0D6-D36BEA5379F7}.Release|Any CPU.Build.0 = Release|Any CPU
	EndGlobalSection
	GlobalSection(SolutionProperties) = preSolution
		HideSolutionNode = FALSE
	EndGlobalSection
	GlobalSection(ExtensibilityGlobals) = postSolution
		SolutionGuid = {49B627A1-F484-47CA-875C-E37190AD2B12}
	EndGlobalSection
EndGlobal
